Microsoft Visual Studio Solution File, Format Version 12.00
# Visual Studio Version 16
VisualStudioVersion = 16.0.31515.178
MinimumVisualStudioVersion = 10.0.40219.1
Project("{8BC9CEB8-8B4A-11D0-8D11-00A0C91BC942}") = "skia", "builder\skia_vs2019.vcxproj", "{36699D48-06DC-38A1-92C1-79FED636A43E}"
EndProject
Project("{8BC9CEB8-8B4A-11D0-8D11-00A0C91BC942}") = "skiaTest", "tests\skiatest\skiatest_vs2019.vcxproj", "{4CC1CC2E-C4D9-4859-BB56-AB3F9AE191B2}"
	ProjectSection(ProjectDependencies) = postProject
		{36699D48-06DC-38A1-92C1-79FED636A43E} = {36699D48-06DC-38A1-92C1-79FED636A43E}
	EndProjectSection
EndProject
Global
	GlobalSection(SolutionConfigurationPlatforms) = preSolution
		Debug|x86 = Debug|x86
		MinSizeRel|x86 = MinSizeRel|x86
		Release|x86 = Release|x86
		RelWithDebInfo|x86 = RelWithDebInfo|x86
	EndGlobalSection
	GlobalSection(ProjectConfigurationPlatforms) = postSolution
		{36699D48-06DC-38A1-92C1-79FED636A43E}.Debug|x86.ActiveCfg = Debug|Win32
		{36699D48-06DC-38A1-92C1-79FED636A43E}.Debug|x86.Build.0 = Debug|Win32
		{36699D48-06DC-38A1-92C1-79FED636A43E}.MinSizeRel|x86.ActiveCfg = MinSizeRel|Win32
		{36699D48-06DC-38A1-92C1-79FED636A43E}.MinSizeRel|x86.Build.0 = MinSizeRel|Win32
		{36699D48-06DC-38A1-92C1-79FED636A43E}.Release|x86.ActiveCfg = Release|Win32
		{36699D48-06DC-38A1-92C1-79FED636A43E}.Release|x86.Build.0 = Release|Win32
		{36699D48-06DC-38A1-92C1-79FED636A43E}.RelWithDebInfo|x86.ActiveCfg = RelWithDebInfo|Win32
		{36699D48-06DC-38A1-92C1-79FED636A43E}.RelWithDebInfo|x86.Build.0 = RelWithDebInfo|Win32
		{4CC1CC2E-C4D9-4859-BB56-AB3F9AE191B2}.Debug|x86.ActiveCfg = Debug|Win32
		{4CC1CC2E-C4D9-4859-BB56-AB3F9AE191B2}.Debug|x86.Build.0 = Debug|Win32
		{4CC1CC2E-C4D9-4859-BB56-AB3F9AE191B2}.MinSizeRel|x86.ActiveCfg = Debug|Win32
		{4CC1CC2E-C4D9-4859-BB56-AB3F9AE191B2}.MinSizeRel|x86.Build.0 = Debug|Win32
		{4CC1CC2E-C4D9-4859-BB56-AB3F9AE191B2}.Release|x86.ActiveCfg = Release|Win32
		{4CC1CC2E-C4D9-4859-BB56-AB3F9AE191B2}.Release|x86.Build.0 = Release|Win32
		{4CC1CC2E-C4D9-4859-BB56-AB3F9AE191B2}.RelWithDebInfo|x86.ActiveCfg = Release|Win32
		{4CC1CC2E-C4D9-4859-BB56-AB3F9AE191B2}.RelWithDebInfo|x86.Build.0 = Release|Win32
	EndGlobalSection
	GlobalSection(SolutionProperties) = preSolution
		HideSolutionNode = FALSE
	EndGlobalSection
	GlobalSection(ExtensibilityGlobals) = postSolution
		SolutionGuid = {B99AFA30-13F5-4F23-B19E-A5CBE2F84CEB}
	EndGlobalSection
EndGlobal
